// !$*UTF8*$!
{
	archiveVersion = 1;
	classes = {
	};
	objectVersion = 46;
	objects = {

/* Begin PBXBuildFile section */
		E05CB7A7196D0CE6000A0D77 /* CoordinateSystemsViewController.m in Sources */ = {isa = PBXBuildFile; fileRef = E05CB7A6196D0CE6000A0D77 /* CoordinateSystemsViewController.m */; };
		E079D0381905FC8200A04042 /* Foundation.framework in Frameworks */ = {isa = PBXBuildFile; fileRef = E079D0371905FC8200A04042 /* Foundation.framework */; };
		E079D03A1905FC8200A04042 /* CoreGraphics.framework in Frameworks */ = {isa = PBXBuildFile; fileRef = E079D0391905FC8200A04042 /* CoreGraphics.framework */; };
		E079D03C1905FC8200A04042 /* UIKit.framework in Frameworks */ = {isa = PBXBuildFile; fileRef = E079D03B1905FC8200A04042 /* UIKit.framework */; };
		E079D0421905FC8200A04042 /* InfoPlist.strings in Resources */ = {isa = PBXBuildFile; fileRef = E079D0401905FC8200A04042 /* InfoPlist.strings */; };
		E079D0441905FC8200A04042 /* main.m in Sources */ = {isa = PBXBuildFile; fileRef = E079D0431905FC8200A04042 /* main.m */; };
		E079D0481905FC8200A04042 /* AppDelegate.m in Sources */ = {isa = PBXBuildFile; fileRef = E079D0471905FC8200A04042 /* AppDelegate.m */; };
		E079D04B1905FC8200A04042 /* Main_iPhone.storyboard in Resources */ = {isa = PBXBuildFile; fileRef = E079D0491905FC8200A04042 /* Main_iPhone.storyboard */; };
		E079D04E1905FC8200A04042 /* Main_iPad.storyboard in Resources */ = {isa = PBXBuildFile; fileRef = E079D04C1905FC8200A04042 /* Main_iPad.storyboard */; };
		E079D0511905FC8200A04042 /* ViewsViewController.m in Sources */ = {isa = PBXBuildFile; fileRef = E079D0501905FC8200A04042 /* ViewsViewController.m */; };
		E079D0531905FC8200A04042 /* Images.xcassets in Resources */ = {isa = PBXBuildFile; fileRef = E079D0521905FC8200A04042 /* Images.xcassets */; };
		E079D05A1905FC8200A04042 /* XCTest.framework in Frameworks */ = {isa = PBXBuildFile; fileRef = E079D0591905FC8200A04042 /* XCTest.framework */; };
		E079D05B1905FC8200A04042 /* Foundation.framework in Frameworks */ = {isa = PBXBuildFile; fileRef = E079D0371905FC8200A04042 /* Foundation.framework */; };
		E079D05C1905FC8200A04042 /* UIKit.framework in Frameworks */ = {isa = PBXBuildFile; fileRef = E079D03B1905FC8200A04042 /* UIKit.framework */; };
		E079D0641905FC8200A04042 /* InfoPlist.strings in Resources */ = {isa = PBXBuildFile; fileRef = E079D0621905FC8200A04042 /* InfoPlist.strings */; };
		E079D0661905FC8200A04042 /* Chapter_1___ViewsTests.m in Sources */ = {isa = PBXBuildFile; fileRef = E079D0651905FC8200A04042 /* Chapter_1___ViewsTests.m */; };
		E093B68E19074C35003D6504 /* ConstraintsViewController.m in Sources */ = {isa = PBXBuildFile; fileRef = E093B68D19074C35003D6504 /* ConstraintsViewController.m */; };
		E093B69119074D28003D6504 /* ConstrainedView.m in Sources */ = {isa = PBXBuildFile; fileRef = E093B69019074D28003D6504 /* ConstrainedView.m */; };
		E093B69419075E55003D6504 /* TopBar.m in Sources */ = {isa = PBXBuildFile; fileRef = E093B69319075E55003D6504 /* TopBar.m */; };
		E093B69719075E7E003D6504 /* BottomSquare.m in Sources */ = {isa = PBXBuildFile; fileRef = E093B69619075E7E003D6504 /* BottomSquare.m */; };
		E093B69D190764F9003D6504 /* NSLayoutConstraint+Listing.m in Sources */ = {isa = PBXBuildFile; fileRef = E093B69C190764F9003D6504 /* NSLayoutConstraint+Listing.m */; };
		E093B6A019076EDC003D6504 /* Frame.m in Sources */ = {isa = PBXBuildFile; fileRef = E093B69F19076EDC003D6504 /* Frame.m */; };
		E093B6A31907748A003D6504 /* NSLayoutConstraint+Ambiguity.m in Sources */ = {isa = PBXBuildFile; fileRef = E093B6A21907748A003D6504 /* NSLayoutConstraint+Ambiguity.m */; };
		E0FDEAC01909F6D40006DE0A /* PrioritiesFrameView.m in Sources */ = {isa = PBXBuildFile; fileRef = E0FDEABF1909F6D40006DE0A /* PrioritiesFrameView.m */; };
/* End PBXBuildFile section */

/* Begin PBXContainerItemProxy section */
		E079D05D1905FC8200A04042 /* PBXContainerItemProxy */ = {
			isa = PBXContainerItemProxy;
			containerPortal = E079D02C1905FC8200A04042 /* Project object */;
			proxyType = 1;
			remoteGlobalIDString = E079D0331905FC8200A04042;
			remoteInfo = "Chapter 1 - Views";
		};
/* End PBXContainerItemProxy section */

/* Begin PBXFileReference section */
		E05CB7A5196D0CE6000A0D77 /* CoordinateSystemsViewController.h */ = {isa = PBXFileReference; fileEncoding = 4; lastKnownFileType = sourcecode.c.h; path = CoordinateSystemsViewController.h; sourceTree = "<group>"; };
		E05CB7A6196D0CE6000A0D77 /* CoordinateSystemsViewController.m */ = {isa = PBXFileReference; fileEncoding = 4; lastKnownFileType = sourcecode.c.objc; path = CoordinateSystemsViewController.m; sourceTree = "<group>"; };
		E079D0341905FC8200A04042 /* Chapter 1 - Views.app */ = {isa = PBXFileReference; explicitFileType = wrapper.application; includeInIndex = 0; path = "Chapter 1 - Views.app"; sourceTree = BUILT_PRODUCTS_DIR; };
		E079D0371905FC8200A04042 /* Foundation.framework */ = {isa = PBXFileReference; lastKnownFileType = wrapper.framework; name = Foundation.framework; path = System/Library/Frameworks/Foundation.framework; sourceTree = SDKROOT; };
		E079D0391905FC8200A04042 /* CoreGraphics.framework */ = {isa = PBXFileReference; lastKnownFileType = wrapper.framework; name = CoreGraphics.framework; path = System/Library/Frameworks/CoreGraphics.framework; sourceTree = SDKROOT; };
		E079D03B1905FC8200A04042 /* UIKit.framework */ = {isa = PBXFileReference; lastKnownFileType = wrapper.framework; name = UIKit.framework; path = System/Library/Frameworks/UIKit.framework; sourceTree = SDKROOT; };
		E079D03F1905FC8200A04042 /* Chapter 1 - Views-Info.plist */ = {isa = PBXFileReference; lastKnownFileType = text.plist.xml; path = "Chapter 1 - Views-Info.plist"; sourceTree = "<group>"; };
		E079D0411905FC8200A04042 /* en */ = {isa = PBXFileReference; lastKnownFileType = text.plist.strings; name = en; path = en.lproj/InfoPlist.strings; sourceTree = "<group>"; };
		E079D0431905FC8200A04042 /* main.m */ = {isa = PBXFileReference; lastKnownFileType = sourcecode.c.objc; path = main.m; sourceTree = "<group>"; };
		E079D0451905FC8200A04042 /* Chapter 1 - Views-Prefix.pch */ = {isa = PBXFileReference; lastKnownFileType = sourcecode.c.h; path = "Chapter 1 - Views-Prefix.pch"; sourceTree = "<group>"; };
		E079D0461905FC8200A04042 /* AppDelegate.h */ = {isa = PBXFileReference; lastKnownFileType = sourcecode.c.h; path = AppDelegate.h; sourceTree = "<group>"; };
		E079D0471905FC8200A04042 /* AppDelegate.m */ = {isa = PBXFileReference; lastKnownFileType = sourcecode.c.objc; path = AppDelegate.m; sourceTree = "<group>"; };
		E079D04A1905FC8200A04042 /* Base */ = {isa = PBXFileReference; lastKnownFileType = file.storyboard; name = Base; path = Base.lproj/Main_iPhone.storyboard; sourceTree = "<group>"; };
		E079D04D1905FC8200A04042 /* Base */ = {isa = PBXFileReference; lastKnownFileType = file.storyboard; name = Base; path = Base.lproj/Main_iPad.storyboard; sourceTree = "<group>"; };
		E079D04F1905FC8200A04042 /* ViewsViewController.h */ = {isa = PBXFileReference; lastKnownFileType = sourcecode.c.h; path = ViewsViewController.h; sourceTree = "<group>"; };
		E079D0501905FC8200A04042 /* ViewsViewController.m */ = {isa = PBXFileReference; lastKnownFileType = sourcecode.c.objc; path = ViewsViewController.m; sourceTree = "<group>"; };
		E079D0521905FC8200A04042 /* Images.xcassets */ = {isa = PBXFileReference; lastKnownFileType = folder.assetcatalog; path = Images.xcassets; sourceTree = "<group>"; };
		E079D0581905FC8200A04042 /* Chapter 1 - ViewsTests.xctest */ = {isa = PBXFileReference; explicitFileType = wrapper.cfbundle; includeInIndex = 0; path = "Chapter 1 - ViewsTests.xctest"; sourceTree = BUILT_PRODUCTS_DIR; };
		E079D0591905FC8200A04042 /* XCTest.framework */ = {isa = PBXFileReference; lastKnownFileType = wrapper.framework; name = XCTest.framework; path = Library/Frameworks/XCTest.framework; sourceTree = DEVELOPER_DIR; };
		E079D0611905FC8200A04042 /* Chapter 1 - ViewsTests-Info.plist */ = {isa = PBXFileReference; lastKnownFileType = text.plist.xml; path = "Chapter 1 - ViewsTests-Info.plist"; sourceTree = "<group>"; };
		E079D0631905FC8200A04042 /* en */ = {isa = PBXFileReference; lastKnownFileType = text.plist.strings; name = en; path = en.lproj/InfoPlist.strings; sourceTree = "<group>"; };
		E079D0651905FC8200A04042 /* Chapter_1___ViewsTests.m */ = {isa = PBXFileReference; lastKnownFileType = sourcecode.c.objc; path = "Chapter_1___ViewsTests.m"; sourceTree = "<group>"; };
		E093B68C19074C35003D6504 /* ConstraintsViewController.h */ = {isa = PBXFileReference; fileEncoding = 4; lastKnownFileType = sourcecode.c.h; path = ConstraintsViewController.h; sourceTree = "<group>"; };
		E093B68D19074C35003D6504 /* ConstraintsViewController.m */ = {isa = PBXFileReference; fileEncoding = 4; lastKnownFileType = sourcecode.c.objc; path = ConstraintsViewController.m; sourceTree = "<group>"; };
		E093B68F19074D28003D6504 /* ConstrainedView.h */ = {isa = PBXFileReference; fileEncoding = 4; lastKnownFileType = sourcecode.c.h; name = ConstrainedView.h; path = "Chapter 1 - Views/ConstrainedView.h"; sourceTree = "<group>"; };
		E093B69019074D28003D6504 /* ConstrainedView.m */ = {isa = PBXFileReference; fileEncoding = 4; lastKnownFileType = sourcecode.c.objc; name = ConstrainedView.m; path = "Chapter 1 - Views/ConstrainedView.m"; sourceTree = "<group>"; };
		E093B69219075E55003D6504 /* TopBar.h */ = {isa = PBXFileReference; fileEncoding = 4; lastKnownFileType = sourcecode.c.h; name = TopBar.h; path = "Chapter 1 - Views/TopBar.h"; sourceTree = "<group>"; };
		E093B69319075E55003D6504 /* TopBar.m */ = {isa = PBXFileReference; fileEncoding = 4; lastKnownFileType = sourcecode.c.objc; name = TopBar.m; path = "Chapter 1 - Views/TopBar.m"; sourceTree = "<group>"; };
		E093B69519075E7E003D6504 /* BottomSquare.h */ = {isa = PBXFileReference; fileEncoding = 4; lastKnownFileType = sourcecode.c.h; name = BottomSquare.h; path = "Chapter 1 - Views/BottomSquare.h"; sourceTree = "<group>"; };
		E093B69619075E7E003D6504 /* BottomSquare.m */ = {isa = PBXFileReference; fileEncoding = 4; lastKnownFileType = sourcecode.c.objc; name = BottomSquare.m; path = "Chapter 1 - Views/BottomSquare.m"; sourceTree = "<group>"; };
		E093B69B190764F9003D6504 /* NSLayoutConstraint+Listing.h */ = {isa = PBXFileReference; fileEncoding = 4; lastKnownFileType = sourcecode.c.h; path = "NSLayoutConstraint+Listing.h"; sourceTree = "<group>"; };
		E093B69C190764F9003D6504 /* NSLayoutConstraint+Listing.m */ = {isa = PBXFileReference; fileEncoding = 4; lastKnownFileType = sourcecode.c.objc; path = "NSLayoutConstraint+Listing.m"; sourceTree = "<group>"; };
		E093B69E19076EDC003D6504 /* Frame.h */ = {isa = PBXFileReference; fileEncoding = 4; lastKnownFileType = sourcecode.c.h; path = Frame.h; sourceTree = "<group>"; };
		E093B69F19076EDC003D6504 /* Frame.m */ = {isa = PBXFileReference; fileEncoding = 4; lastKnownFileType = sourcecode.c.objc; path = Frame.m; sourceTree = "<group>"; };
		E093B6A11907748A003D6504 /* NSLayoutConstraint+Ambiguity.h */ = {isa = PBXFileReference; fileEncoding = 4; lastKnownFileType = sourcecode.c.h; name = "NSLayoutConstraint+Ambiguity.h"; path = "Chapter 1 - Views/NSLayoutConstraint+Ambiguity.h"; sourceTree = "<group>"; };
		E093B6A21907748A003D6504 /* NSLayoutConstraint+Ambiguity.m */ = {isa = PBXFileReference; fileEncoding = 4; lastKnownFileType = sourcecode.c.objc; name = "NSLayoutConstraint+Ambiguity.m"; path = "Chapter 1 - Views/NSLayoutConstraint+Ambiguity.m"; sourceTree = "<group>"; };
		E0FDEABE1909F6D40006DE0A /* PrioritiesFrameView.h */ = {isa = PBXFileReference; fileEncoding = 4; lastKnownFileType = sourcecode.c.h; name = PrioritiesFrameView.h; path = "Chapter 1 - Views/PrioritiesFrameView.h"; sourceTree = "<group>"; };
		E0FDEABF1909F6D40006DE0A /* PrioritiesFrameView.m */ = {isa = PBXFileReference; fileEncoding = 4; lastKnownFileType = sourcecode.c.objc; name = PrioritiesFrameView.m; path = "Chapter 1 - Views/PrioritiesFrameView.m"; sourceTree = "<group>"; };
/* End PBXFileReference section */

/* Begin PBXFrameworksBuildPhase section */
		E079D0311905FC8200A04042 /* Frameworks */ = {
			isa = PBXFrameworksBuildPhase;
			buildActionMask = 2147483647;
			files = (
				E079D03A1905FC8200A04042 /* CoreGraphics.framework in Frameworks */,
				E079D03C1905FC8200A04042 /* UIKit.framework in Frameworks */,
				E079D0381905FC8200A04042 /* Foundation.framework in Frameworks */,
			);
			runOnlyForDeploymentPostprocessing = 0;
		};
		E079D0551905FC8200A04042 /* Frameworks */ = {
			isa = PBXFrameworksBuildPhase;
			buildActionMask = 2147483647;
			files = (
				E079D05A1905FC8200A04042 /* XCTest.framework in Frameworks */,
				E079D05C1905FC8200A04042 /* UIKit.framework in Frameworks */,
				E079D05B1905FC8200A04042 /* Foundation.framework in Frameworks */,
			);
			runOnlyForDeploymentPostprocessing = 0;
		};
/* End PBXFrameworksBuildPhase section */

/* Begin PBXGroup section */
		E079D02B1905FC8200A04042 = {
			isa = PBXGroup;
			children = (
				E093B6A419077496003D6504 /* NSLayoutConstraint categories */,
				E093B69A1907605F003D6504 /* Views */,
				E093B69919076045003D6504 /* Storyboards */,
				E079D03D1905FC8200A04042 /* Chapter 1 - Views */,
				E079D05F1905FC8200A04042 /* Chapter 1 - ViewsTests */,
				E079D0361905FC8200A04042 /* Frameworks */,
				E079D0351905FC8200A04042 /* Products */,
			);
			sourceTree = "<group>";
		};
		E079D0351905FC8200A04042 /* Products */ = {
			isa = PBXGroup;
			children = (
				E079D0341905FC8200A04042 /* Chapter 1 - Views.app */,
				E079D0581905FC8200A04042 /* Chapter 1 - ViewsTests.xctest */,
			);
			name = Products;
			sourceTree = "<group>";
		};
		E079D0361905FC8200A04042 /* Frameworks */ = {
			isa = PBXGroup;
			children = (
				E079D0371905FC8200A04042 /* Foundation.framework */,
				E079D0391905FC8200A04042 /* CoreGraphics.framework */,
				E079D03B1905FC8200A04042 /* UIKit.framework */,
				E079D0591905FC8200A04042 /* XCTest.framework */,
			);
			name = Frameworks;
			sourceTree = "<group>";
		};
		E079D03D1905FC8200A04042 /* Chapter 1 - Views */ = {
			isa = PBXGroup;
			children = (
				E093B69819076028003D6504 /* ViewControllers */,
				E079D03E1905FC8200A04042 /* Supporting Files */,
			);
			path = "Chapter 1 - Views";
			sourceTree = "<group>";
		};
		E079D03E1905FC8200A04042 /* Supporting Files */ = {
			isa = PBXGroup;
			children = (
				E079D0461905FC8200A04042 /* AppDelegate.h */,
				E079D0471905FC8200A04042 /* AppDelegate.m */,
				E079D0521905FC8200A04042 /* Images.xcassets */,
				E079D03F1905FC8200A04042 /* Chapter 1 - Views-Info.plist */,
				E079D0401905FC8200A04042 /* InfoPlist.strings */,
				E079D0431905FC8200A04042 /* main.m */,
				E079D0451905FC8200A04042 /* Chapter 1 - Views-Prefix.pch */,
			);
			name = "Supporting Files";
			sourceTree = "<group>";
		};
		E079D05F1905FC8200A04042 /* Chapter 1 - ViewsTests */ = {
			isa = PBXGroup;
			children = (
				E079D0651905FC8200A04042 /* Chapter_1___ViewsTests.m */,
				E079D0601905FC8200A04042 /* Supporting Files */,
			);
			path = "Chapter 1 - ViewsTests";
			sourceTree = "<group>";
		};
		E079D0601905FC8200A04042 /* Supporting Files */ = {
			isa = PBXGroup;
			children = (
				E079D0611905FC8200A04042 /* Chapter 1 - ViewsTests-Info.plist */,
				E079D0621905FC8200A04042 /* InfoPlist.strings */,
			);
			name = "Supporting Files";
			sourceTree = "<group>";
		};
		E093B69819076028003D6504 /* ViewControllers */ = {
			isa = PBXGroup;
			children = (
				E05CB7A5196D0CE6000A0D77 /* CoordinateSystemsViewController.h */,
				E05CB7A6196D0CE6000A0D77 /* CoordinateSystemsViewController.m */,
				E079D04F1905FC8200A04042 /* ViewsViewController.h */,
				E079D0501905FC8200A04042 /* ViewsViewController.m */,
				E093B68C19074C35003D6504 /* ConstraintsViewController.h */,
				E093B68D19074C35003D6504 /* ConstraintsViewController.m */,
			);
			name = ViewControllers;
			sourceTree = "<group>";
		};
		E093B69919076045003D6504 /* Storyboards */ = {
			isa = PBXGroup;
			children = (
				E079D0491905FC8200A04042 /* Main_iPhone.storyboard */,
				E079D04C1905FC8200A04042 /* Main_iPad.storyboard */,
			);
			name = Storyboards;
			sourceTree = "<group>";
		};
		E093B69A1907605F003D6504 /* Views */ = {
			isa = PBXGroup;
			children = (
				E0FDEABE1909F6D40006DE0A /* PrioritiesFrameView.h */,
				E0FDEABF1909F6D40006DE0A /* PrioritiesFrameView.m */,
				E093B68F19074D28003D6504 /* ConstrainedView.h */,
				E093B69019074D28003D6504 /* ConstrainedView.m */,
				E093B69E19076EDC003D6504 /* Frame.h */,
				E093B69F19076EDC003D6504 /* Frame.m */,
				E093B69219075E55003D6504 /* TopBar.h */,
				E093B69319075E55003D6504 /* TopBar.m */,
				E093B69519075E7E003D6504 /* BottomSquare.h */,
				E093B69619075E7E003D6504 /* BottomSquare.m */,
			);
			name = Views;
			sourceTree = "<group>";
		};
		E093B6A419077496003D6504 /* NSLayoutConstraint categories */ = {
			isa = PBXGroup;
			children = (
				E093B69B190764F9003D6504 /* NSLayoutConstraint+Listing.h */,
				E093B69C190764F9003D6504 /* NSLayoutConstraint+Listing.m */,
				E093B6A11907748A003D6504 /* NSLayoutConstraint+Ambiguity.h */,
				E093B6A21907748A003D6504 /* NSLayoutConstraint+Ambiguity.m */,
			);
			name = "NSLayoutConstraint categories";
			sourceTree = "<group>";
		};
/* End PBXGroup section */

/* Begin PBXNativeTarget section */
		E079D0331905FC8200A04042 /* Chapter 1 - Views */ = {
			isa = PBXNativeTarget;
			buildConfigurationList = E079D0691905FC8200A04042 /* Build configuration list for PBXNativeTarget "Chapter 1 - Views" */;
			buildPhases = (
				E079D0301905FC8200A04042 /* Sources */,
				E079D0311905FC8200A04042 /* Frameworks */,
				E079D0321905FC8200A04042 /* Resources */,
			);
			buildRules = (
			);
			dependencies = (
			);
			name = "Chapter 1 - Views";
			productName = "Chapter 1 - Views";
			productReference = E079D0341905FC8200A04042 /* Chapter 1 - Views.app */;
			productType = "com.apple.product-type.application";
		};
		E079D0571905FC8200A04042 /* Chapter 1 - ViewsTests */ = {
			isa = PBXNativeTarget;
			buildConfigurationList = E079D06C1905FC8200A04042 /* Build configuration list for PBXNativeTarget "Chapter 1 - ViewsTests" */;
			buildPhases = (
				E079D0541905FC8200A04042 /* Sources */,
				E079D0551905FC8200A04042 /* Frameworks */,
				E079D0561905FC8200A04042 /* Resources */,
			);
			buildRules = (
			);
			dependencies = (
				E079D05E1905FC8200A04042 /* PBXTargetDependency */,
			);
			name = "Chapter 1 - ViewsTests";
			productName = "Chapter 1 - ViewsTests";
			productReference = E079D0581905FC8200A04042 /* Chapter 1 - ViewsTests.xctest */;
			productType = "com.apple.product-type.bundle.unit-test";
		};
/* End PBXNativeTarget section */

/* Begin PBXProject section */
		E079D02C1905FC8200A04042 /* Project object */ = {
			isa = PBXProject;
			attributes = {
				LastUpgradeCheck = 0510;
				ORGANIZATIONNAME = "Daniel Wallace [DATACOM]";
				TargetAttributes = {
					E079D0331905FC8200A04042 = {
						DevelopmentTeam = JP5YDXJS2P;
					};
					E079D0571905FC8200A04042 = {
						TestTargetID = E079D0331905FC8200A04042;
					};
				};
			};
			buildConfigurationList = E079D02F1905FC8200A04042 /* Build configuration list for PBXProject "Chapter 1 - Views" */;
			compatibilityVersion = "Xcode 3.2";
			developmentRegion = English;
			hasScannedForEncodings = 0;
			knownRegions = (
				en,
				Base,
			);
			mainGroup = E079D02B1905FC8200A04042;
			productRefGroup = E079D0351905FC8200A04042 /* Products */;
			projectDirPath = "";
			projectRoot = "";
			targets = (
				E079D0331905FC8200A04042 /* Chapter 1 - Views */,
				E079D0571905FC8200A04042 /* Chapter 1 - ViewsTests */,
			);
		};
/* End PBXProject section */

/* Begin PBXResourcesBuildPhase section */
		E079D0321905FC8200A04042 /* Resources */ = {
			isa = PBXResourcesBuildPhase;
			buildActionMask = 2147483647;
			files = (
				E079D04E1905FC8200A04042 /* Main_iPad.storyboard in Resources */,
				E079D0531905FC8200A04042 /* Images.xcassets in Resources */,
				E079D04B1905FC8200A04042 /* Main_iPhone.storyboard in Resources */,
				E079D0421905FC8200A04042 /* InfoPlist.strings in Resources */,
			);
			runOnlyForDeploymentPostprocessing = 0;
		};
		E079D0561905FC8200A04042 /* Resources */ = {
			isa = PBXResourcesBuildPhase;
			buildActionMask = 2147483647;
			files = (
				E079D0641905FC8200A04042 /* InfoPlist.strings in Resources */,
			);
			runOnlyForDeploymentPostprocessing = 0;
		};
/* End PBXResourcesBuildPhase section */

/* Begin PBXSourcesBuildPhase section */
		E079D0301905FC8200A04042 /* Sources */ = {
			isa = PBXSourcesBuildPhase;
			buildActionMask = 2147483647;
			files = (
				E0FDEAC01909F6D40006DE0A /* PrioritiesFrameView.m in Sources */,
				E093B6A019076EDC003D6504 /* Frame.m in Sources */,
				E093B69D190764F9003D6504 /* NSLayoutConstraint+Listing.m in Sources */,
				E079D0511905FC8200A04042 /* ViewsViewController.m in Sources */,
				E093B68E19074C35003D6504 /* ConstraintsViewController.m in Sources */,
				E079D0481905FC8200A04042 /* AppDelegate.m in Sources */,
				E093B6A31907748A003D6504 /* NSLayoutConstraint+Ambiguity.m in Sources */,
				E093B69419075E55003D6504 /* TopBar.m in Sources */,
				E079D0441905FC8200A04042 /* main.m in Sources */,
				E05CB7A7196D0CE6000A0D77 /* CoordinateSystemsViewController.m in Sources */,
				E093B69719075E7E003D6504 /* BottomSquare.m in Sources */,
				E093B69119074D28003D6504 /* ConstrainedView.m in Sources */,
			);
			runOnlyForDeploymentPostprocessing = 0;
		};
		E079D0541905FC8200A04042 /* Sources */ = {
			isa = PBXSourcesBuildPhase;
			buildActionMask = 2147483647;
			files = (
				E079D0661905FC8200A04042 /* Chapter_1___ViewsTests.m in Sources */,
			);
			runOnlyForDeploymentPostprocessing = 0;
		};
/* End PBXSourcesBuildPhase section */

/* Begin PBXTargetDependency section */
		E079D05E1905FC8200A04042 /* PBXTargetDependency */ = {
			isa = PBXTargetDependency;
			target = E079D0331905FC8200A04042 /* Chapter 1 - Views */;
			targetProxy = E079D05D1905FC8200A04042 /* PBXContainerItemProxy */;
		};
/* End PBXTargetDependency section */

/* Begin PBXVariantGroup section */
		E079D0401905FC8200A04042 /* InfoPlist.strings */ = {
			isa = PBXVariantGroup;
			children = (
				E079D0411905FC8200A04042 /* en */,
			);
			name = InfoPlist.strings;
			sourceTree = "<group>";
		};
		E079D0491905FC8200A04042 /* Main_iPhone.storyboard */ = {
			isa = PBXVariantGroup;
			children = (
				E079D04A1905FC8200A04042 /* Base */,
			);
			name = Main_iPhone.storyboard;
			path = "Chapter 1 - Views";
			sourceTree = "<group>";
		};
		E079D04C1905FC8200A04042 /* Main_iPad.storyboard */ = {
			isa = PBXVariantGroup;
			children = (
				E079D04D1905FC8200A04042 /* Base */,
			);
			name = Main_iPad.storyboard;
			path = "Chapter 1 - Views";
			sourceTree = "<group>";
		};
		E079D0621905FC8200A04042 /* InfoPlist.strings */ = {
			isa = PBXVariantGroup;
			children = (
				E079D0631905FC8200A04042 /* en */,
			);
			name = InfoPlist.strings;
			sourceTree = "<group>";
		};
/* End PBXVariantGroup section */

/* Begin XCBuildConfiguration section */
		E079D0671905FC8200A04042 /* Debug */ = {
			isa = XCBuildConfiguration;
			buildSettings = {
				ALWAYS_SEARCH_USER_PATHS = NO;
				CLANG_CXX_LANGUAGE_STANDARD = "gnu++0x";
				CLANG_CXX_LIBRARY = "libc++";
				CLANG_ENABLE_MODULES = YES;
				CLANG_ENABLE_OBJC_ARC = YES;
				CLANG_WARN_BOOL_CONVERSION = YES;
				CLANG_WARN_CONSTANT_CONVERSION = YES;
				CLANG_WARN_DIRECT_OBJC_ISA_USAGE = YES_ERROR;
				CLANG_WARN_EMPTY_BODY = YES;
				CLANG_WARN_ENUM_CONVERSION = YES;
				CLANG_WARN_INT_CONVERSION = YES;
				CLANG_WARN_OBJC_ROOT_CLASS = YES_ERROR;
				CLANG_WARN__DUPLICATE_METHOD_MATCH = YES;
				"CODE_SIGN_IDENTITY[sdk=iphoneos*]" = "iPhone Developer";
				COPY_PHASE_STRIP = NO;
				GCC_C_LANGUAGE_STANDARD = gnu99;
				GCC_DYNAMIC_NO_PIC = NO;
				GCC_OPTIMIZATION_LEVEL = 0;
				GCC_PREPROCESSOR_DEFINITIONS = (
					"DEBUG=1",
					"$(inherited)",
				);
				GCC_SYMBOLS_PRIVATE_EXTERN = NO;
				GCC_WARN_64_TO_32_BIT_CONVERSION = YES;
				GCC_WARN_ABOUT_RETURN_TYPE = YES_ERROR;
				GCC_WARN_UNDECLARED_SELECTOR = YES;
				GCC_WARN_UNINITIALIZED_AUTOS = YES_AGGRESSIVE;
				GCC_WARN_UNUSED_FUNCTION = YES;
				GCC_WARN_UNUSED_VARIABLE = YES;
				IPHONEOS_DEPLOYMENT_TARGET = 7.1;
				ONLY_ACTIVE_ARCH = YES;
				SDKROOT = iphoneos;
				TARGETED_DEVICE_FAMILY = "1,2";
			};
			name = Debug;
		};
		E079D0681905FC8200A04042 /* Release */ = {
			isa = XCBuildConfiguration;
			buildSettings = {
				ALWAYS_SEARCH_USER_PATHS = NO;
				CLANG_CXX_LANGUAGE_STANDARD = "gnu++0x";
				CLANG_CXX_LIBRARY = "libc++";
				CLANG_ENABLE_MODULES = YES;
				CLANG_ENABLE_OBJC_ARC = YES;
				CLANG_WARN_BOOL_CONVERSION = YES;
				CLANG_WARN_CONSTANT_CONVERSION = YES;
				CLANG_WARN_DIRECT_OBJC_ISA_USAGE = YES_ERROR;
				CLANG_WARN_EMPTY_BODY = YES;
				CLANG_WARN_ENUM_CONVERSION = YES;
				CLANG_WARN_INT_CONVERSION = YES;
				CLANG_WARN_OBJC_ROOT_CLASS = YES_ERROR;
				CLANG_WARN__DUPLICATE_METHOD_MATCH = YES;
				"CODE_SIGN_IDENTITY[sdk=iphoneos*]" = "iPhone Developer";
				COPY_PHASE_STRIP = YES;
				ENABLE_NS_ASSERTIONS = NO;
				GCC_C_LANGUAGE_STANDARD = gnu99;
				GCC_WARN_64_TO_32_BIT_CONVERSION = YES;
				GCC_WARN_ABOUT_RETURN_TYPE = YES_ERROR;
				GCC_WARN_UNDECLARED_SELECTOR = YES;
				GCC_WARN_UNINITIALIZED_AUTOS = YES_AGGRESSIVE;
				GCC_WARN_UNUSED_FUNCTION = YES;
				GCC_WARN_UNUSED_VARIABLE = YES;
				IPHONEOS_DEPLOYMENT_TARGET = 7.1;
				SDKROOT = iphoneos;
				TARGETED_DEVICE_FAMILY = "1,2";
				VALIDATE_PRODUCT = YES;
			};
			name = Release;
		};
		E079D06A1905FC8200A04042 /* Debug */ = {
			isa = XCBuildConfiguration;
			buildSettings = {
				ASSETCATALOG_COMPILER_APPICON_NAME = AppIcon;
				ASSETCATALOG_COMPILER_LAUNCHIMAGE_NAME = LaunchImage;
				CODE_SIGN_IDENTITY = "iPhone Developer";
				GCC_PRECOMPILE_PREFIX_HEADER = YES;
				GCC_PREFIX_HEADER = "Chapter 1 - Views/Chapter 1 - Views-Prefix.pch";
				INFOPLIST_FILE = "Chapter 1 - Views/Chapter 1 - Views-Info.plist";
				PRODUCT_NAME = "$(TARGET_NAME)";
				WRAPPER_EXTENSION = app;
			};
			name = Debug;
		};
		E079D06B1905FC8200A04042 /* Release */ = {
			isa = XCBuildConfiguration;
			buildSettings = {
				ASSETCATALOG_COMPILER_APPICON_NAME = AppIcon;
				ASSETCATALOG_COMPILER_LAUNCHIMAGE_NAME = LaunchImage;
				CODE_SIGN_IDENTITY = "iPhone Developer";
				GCC_PRECOMPILE_PREFIX_HEADER = YES;
				GCC_PREFIX_HEADER = "Chapter 1 - Views/Chapter 1 - Views-Prefix.pch";
				INFOPLIST_FILE = "Chapter 1 - Views/Chapter 1 - Views-Info.plist";
				PRODUCT_NAME = "$(TARGET_NAME)";
				WRAPPER_EXTENSION = app;
			};
			name = Release;
		};
		E079D06D1905FC8200A04042 /* Debug */ = {
			isa = XCBuildConfiguration;
			buildSettings = {
				BUNDLE_LOADER = "$(BUILT_PRODUCTS_DIR)/Chapter 1 - Views.app/Chapter 1 - Views";
				FRAMEWORK_SEARCH_PATHS = (
					"$(SDKROOT)/Developer/Library/Frameworks",
					"$(inherited)",
					"$(DEVELOPER_FRAMEWORKS_DIR)",
				);
				GCC_PRECOMPILE_PREFIX_HEADER = YES;
				GCC_PREFIX_HEADER = "Chapter 1 - Views/Chapter 1 - Views-Prefix.pch";
				GCC_PREPROCESSOR_DEFINITIONS = (
					"DEBUG=1",
					"$(inherited)",
				);
				INFOPLIST_FILE = "Chapter 1 - ViewsTests/Chapter 1 - ViewsTests-Info.plist";
				PRODUCT_NAME = "$(TARGET_NAME)";
				TEST_HOST = "$(BUNDLE_LOADER)";
				WRAPPER_EXTENSION = xctest;
			};
			name = Debug;
		};
		E079D06E1905FC8200A04042 /* Release */ = {
			isa = XCBuildConfiguration;
			buildSettings = {
				BUNDLE_LOADER = "$(BUILT_PRODUCTS_DIR)/Chapter 1 - Views.app/Chapter 1 - Views";
				FRAMEWORK_SEARCH_PATHS = (
					"$(SDKROOT)/Developer/Library/Frameworks",
					"$(inherited)",
					"$(DEVELOPER_FRAMEWORKS_DIR)",
				);
				GCC_PRECOMPILE_PREFIX_HEADER = YES;
				GCC_PREFIX_HEADER = "Chapter 1 - Views/Chapter 1 - Views-Prefix.pch";
				INFOPLIST_FILE = "Chapter 1 - ViewsTests/Chapter 1 - ViewsTests-Info.plist";
				PRODUCT_NAME = "$(TARGET_NAME)";
				TEST_HOST = "$(BUNDLE_LOADER)";
				WRAPPER_EXTENSION = xctest;
			};
			name = Release;
		};
/* End XCBuildConfiguration section */

/* Begin XCConfigurationList section */
		E079D02F1905FC8200A04042 /* Build configuration list for PBXProject "Chapter 1 - Views" */ = {
			isa = XCConfigurationList;
			buildConfigurations = (
				E079D0671905FC8200A04042 /* Debug */,
				E079D0681905FC8200A04042 /* Release */,
			);
			defaultConfigurationIsVisible = 0;
			defaultConfigurationName = Release;
		};
		E079D0691905FC8200A04042 /* Build configuration list for PBXNativeTarget "Chapter 1 - Views" */ = {
			isa = XCConfigurationList;
			buildConfigurations = (
				E079D06A1905FC8200A04042 /* Debug */,
				E079D06B1905FC8200A04042 /* Release */,
			);
			defaultConfigurationIsVisible = 0;
			defaultConfigurationName = Release;
		};
		E079D06C1905FC8200A04042 /* Build configuration list for PBXNativeTarget "Chapter 1 - ViewsTests" */ = {
			isa = XCConfigurationList;
			buildConfigurations = (
				E079D06D1905FC8200A04042 /* Debug */,
				E079D06E1905FC8200A04042 /* Release */,
			);
			defaultConfigurationIsVisible = 0;
			defaultConfigurationName = Release;
		};
/* End XCConfigurationList section */
	};
	rootObject = E079D02C1905FC8200A04042 /* Project object */;
}
